
Microsoft Visual Studio Solution File, Format Version 12.00
# Visual Studio Version 17
VisualStudioVersion = 17.0.31919.166
MinimumVisualStudioVersion = 10.0.40219.1
Project("{9A19103F-16F7-4668-BE54-9A1E7A4F7556}") = "Tekton.API", "Tekton.Products.API\Tekton.API.csproj", "{1FEFB16E-489C-4872-BA4B-DCBAB8BFBB6A}"
EndProject
Project("{9A19103F-16F7-4668-BE54-9A1E7A4F7556}") = "Tekton.Service", "Tekton.Services\Tekton.Service.csproj", "{C977CFFC-5222-45D3-939B-D84FC5CB6A69}"
EndProject
Project("{9A19103F-16F7-4668-BE54-9A1E7A4F7556}") = "Tekton.Data", "Tekton.Data\Tekton.Data.csproj", "{D70F8F83-A10D-43E1-B5A7-41A0DE7427C4}"
EndProject
Project("{9A19103F-16F7-4668-BE54-9A1E7A4F7556}") = "Tekton.Tests", "Tekton.Tests\Tekton.Tests.csproj", "{37A314A6-0440-449D-8DA9-0F98A141F6C9}"
EndProject
Project("{FAE04EC0-301F-11D3-BF4B-00C04F79EFBC}") = "Tektok.Infrastructure", "Tektok.Infrastructure\Tektok.Infrastructure.csproj", "{38360F3D-024C-4A9F-B4AB-DBA96121298C}"
EndProject
Global
	GlobalSection(SolutionConfigurationPlatforms) = preSolution
		Debug|Any CPU = Debug|Any CPU
		Release|Any CPU = Release|Any CPU
	EndGlobalSection
	GlobalSection(ProjectConfigurationPlatforms) = postSolution
		{1FEFB16E-489C-4872-BA4B-DCBAB8BFBB6A}.Debug|Any CPU.ActiveCfg = Debug|Any CPU
		{1FEFB16E-489C-4872-BA4B-DCBAB8BFBB6A}.Debug|Any CPU.Build.0 = Debug|Any CPU
		{1FEFB16E-489C-4872-BA4B-DCBAB8BFBB6A}.Release|Any CPU.ActiveCfg = Release|Any CPU
		{1FEFB16E-489C-4872-BA4B-DCBAB8BFBB6A}.Release|Any CPU.Build.0 = Release|Any CPU
		{C977CFFC-5222-45D3-939B-D84FC5CB6A69}.Debug|Any CPU.ActiveCfg = Debug|Any CPU
		{C977CFFC-5222-45D3-939B-D84FC5CB6A69}.Debug|Any CPU.Build.0 = Debug|Any CPU
		{C977CFFC-5222-45D3-939B-D84FC5CB6A69}.Release|Any CPU.ActiveCfg = Release|Any CPU
		{C977CFFC-5222-45D3-939B-D84FC5CB6A69}.Release|Any CPU.Build.0 = Release|Any CPU
		{D70F8F83-A10D-43E1-B5A7-41A0DE7427C4}.Debug|Any CPU.ActiveCfg = Debug|Any CPU
		{D70F8F83-A10D-43E1-B5A7-41A0DE7427C4}.Debug|Any CPU.Build.0 = Debug|Any CPU
		{D70F8F83-A10D-43E1-B5A7-41A0DE7427C4}.Release|Any CPU.ActiveCfg = Release|Any CPU
		{D70F8F83-A10D-43E1-B5A7-41A0DE7427C4}.Release|Any CPU.Build.0 = Release|Any CPU
		{37A314A6-0440-449D-8DA9-0F98A141F6C9}.Debug|Any CPU.ActiveCfg = Debug|Any CPU
		{37A314A6-0440-449D-8DA9-0F98A141F6C9}.Debug|Any CPU.Build.0 = Debug|Any CPU
		{37A314A6-0440-449D-8DA9-0F98A141F6C9}.Release|Any CPU.ActiveCfg = Release|Any CPU
		{37A314A6-0440-449D-8DA9-0F98A141F6C9}.Release|Any CPU.Build.0 = Release|Any CPU
		{38360F3D-024C-4A9F-B4AB-DBA96121298C}.Debug|Any CPU.ActiveCfg = Debug|Any CPU
		{38360F3D-024C-4A9F-B4AB-DBA96121298C}.Debug|Any CPU.Build.0 = Debug|Any CPU
		{38360F3D-024C-4A9F-B4AB-DBA96121298C}.Release|Any CPU.ActiveCfg = Release|Any CPU
		{38360F3D-024C-4A9F-B4AB-DBA96121298C}.Release|Any CPU.Build.0 = Release|Any CPU
	EndGlobalSection
	GlobalSection(SolutionProperties) = preSolution
		HideSolutionNode = FALSE
	EndGlobalSection
	GlobalSection(ExtensibilityGlobals) = postSolution
		SolutionGuid = {2ED0F244-7664-4D81-A501-7CE759A33E12}
	EndGlobalSection
EndGlobal
